
Microsoft Visual Studio Solution File, Format Version 12.00
# Visual Studio Version 17
VisualStudioVersion = 17.2.32526.322
MinimumVisualStudioVersion = 10.0.40219.1
Project("{FAE04EC0-301F-11D3-BF4B-00C04F79EFBC}") = "ActionFilterUsage", "ActionFilterUsage\ActionFilterUsage.csproj", "{B85EDBAD-36E7-47A1-A9EE-7E5D30A6AA0C}"
EndProject
Global
	GlobalSection(SolutionConfigurationPlatforms) = preSolution
		Debug|Any CPU = Debug|Any CPU
		Release|Any CPU = Release|Any CPU
	EndGlobalSection
	GlobalSection(ProjectConfigurationPlatforms) = postSolution
		{B85EDBAD-36E7-47A1-A9EE-7E5D30A6AA0C}.Debug|Any CPU.ActiveCfg = Debug|Any CPU
		{B85EDBAD-36E7-47A1-A9EE-7E5D30A6AA0C}.Debug|Any CPU.Build.0 = Debug|Any CPU
		{B85EDBAD-36E7-47A1-A9EE-7E5D30A6AA0C}.Release|Any CPU.ActiveCfg = Release|Any CPU
		{B85EDBAD-36E7-47A1-A9EE-7E5D30A6AA0C}.Release|Any CPU.Build.0 = Release|Any CPU
	EndGlobalSection
	GlobalSection(SolutionProperties) = preSolution
		HideSolutionNode = FALSE
	EndGlobalSection
	GlobalSection(ExtensibilityGlobals) = postSolution
		SolutionGuid = {6402023B-3D4E-4DD0-9603-C6D22A4B3238}
	EndGlobalSection
EndGlobal
